
Microsoft Visual Studio Solution File, Format Version 12.00
# Visual Studio Version 16
VisualStudioVersion = 16.0.31911.196
MinimumVisualStudioVersion = 10.0.40219.1
Project("{FAE04EC0-301F-11D3-BF4B-00C04F79EFBC}") = "GameShop", "GameShop\GameShop.csproj", "{65CC7CF5-3C37-471B-BB42-25355C3B1BD9}"
EndProject
Global
	GlobalSection(SolutionConfigurationPlatforms) = preSolution
		Debug|Any CPU = Debug|Any CPU
		Release|Any CPU = Release|Any CPU
	EndGlobalSection
	GlobalSection(ProjectConfigurationPlatforms) = postSolution
		{65CC7CF5-3C37-471B-BB42-25355C3B1BD9}.Debug|Any CPU.ActiveCfg = Debug|Any CPU
		{65CC7CF5-3C37-471B-BB42-25355C3B1BD9}.Debug|Any CPU.Build.0 = Debug|Any CPU
		{65CC7CF5-3C37-471B-BB42-25355C3B1BD9}.Release|Any CPU.ActiveCfg = Release|Any CPU
		{65CC7CF5-3C37-471B-BB42-25355C3B1BD9}.Release|Any CPU.Build.0 = Release|Any CPU
	EndGlobalSection
	GlobalSection(SolutionProperties) = preSolution
		HideSolutionNode = FALSE
	EndGlobalSection
	GlobalSection(ExtensibilityGlobals) = postSolution
		SolutionGuid = {862221E3-4AE0-4909-BC81-0D6B24566501}
	EndGlobalSection
EndGlobal
